
Microsoft Visual Studio Solution File, Format Version 12.00
# Visual Studio 15
VisualStudioVersion = 15.0.26730.16
MinimumVisualStudioVersion = 10.0.40219.1
Project("{D954291E-2A0B-460D-934E-DC6B0785DB48}") = "Tests.Shared", "Tests.Shared\Tests.Shared.shproj", "{7278725E-263C-4232-8CCF-352AB6F23DC9}"
EndProject
Project("{9A19103F-16F7-4668-BE54-9A1E7A4F7556}") = "LambdaConverters.Wpf", "LambdaConverters.Wpf\LambdaConverters.Wpf.csproj", "{8DE93D00-4B56-424B-AA7D-02C4A4A41F0D}"
EndProject
Project("{FAE04EC0-301F-11D3-BF4B-00C04F79EFBC}") = "Tests.LambdaConverters.Wpf", "Tests.LambdaConverters.Wpf\Tests.LambdaConverters.Wpf.csproj", "{D970C5FD-C274-4E2A-8BCC-D32AE16E9CFF}"
EndProject
Project("{2150E333-8FDC-42A3-9474-1A3956D46DE8}") = "Solution Items", "Solution Items", "{6292D25D-C8E9-4DDE-B7F7-E3151E963C30}"
	ProjectSection(SolutionItems) = preProject
		LambdaConverters.sln.DotSettings = LambdaConverters.sln.DotSettings
		NuGet.exe = NuGet.exe
	EndProjectSection
EndProject
Global
	GlobalSection(SharedMSBuildProjectFiles) = preSolution
		Tests.Shared\Tests.Shared.projitems*{7278725e-263c-4232-8ccf-352ab6f23dc9}*SharedItemsImports = 13
		Tests.Shared\Tests.Shared.projitems*{d970c5fd-c274-4e2a-8bcc-d32ae16e9cff}*SharedItemsImports = 4
	EndGlobalSection
	GlobalSection(SolutionConfigurationPlatforms) = preSolution
		Debug|Any CPU = Debug|Any CPU
		Release|Any CPU = Release|Any CPU
	EndGlobalSection
	GlobalSection(ProjectConfigurationPlatforms) = postSolution
		{8DE93D00-4B56-424B-AA7D-02C4A4A41F0D}.Debug|Any CPU.ActiveCfg = Debug|Any CPU
		{8DE93D00-4B56-424B-AA7D-02C4A4A41F0D}.Debug|Any CPU.Build.0 = Debug|Any CPU
		{8DE93D00-4B56-424B-AA7D-02C4A4A41F0D}.Release|Any CPU.ActiveCfg = Release|Any CPU
		{8DE93D00-4B56-424B-AA7D-02C4A4A41F0D}.Release|Any CPU.Build.0 = Release|Any CPU
		{D970C5FD-C274-4E2A-8BCC-D32AE16E9CFF}.Debug|Any CPU.ActiveCfg = Debug|Any CPU
		{D970C5FD-C274-4E2A-8BCC-D32AE16E9CFF}.Debug|Any CPU.Build.0 = Debug|Any CPU
		{D970C5FD-C274-4E2A-8BCC-D32AE16E9CFF}.Release|Any CPU.ActiveCfg = Release|Any CPU
		{D970C5FD-C274-4E2A-8BCC-D32AE16E9CFF}.Release|Any CPU.Build.0 = Release|Any CPU
	EndGlobalSection
	GlobalSection(SolutionProperties) = preSolution
		HideSolutionNode = FALSE
	EndGlobalSection
	GlobalSection(ExtensibilityGlobals) = postSolution
		SolutionGuid = {4E3EB66B-BB35-4510-8525-812E601AE2DA}
	EndGlobalSection
EndGlobal
